PODS:
  - LightweightObservable (2.1.2)
  - SwiftConfigurationFiles (0.0.1)
  - SwiftFormat/CLI (0.48.10)
  - SwiftLint (0.43.1)

DEPENDENCIES:
  - LightweightObservable (from `../`)
  - SwiftConfigurationFiles (from `https://github.com/fxm90/SwiftConfigurationFiles.git`)
  - SwiftFormat/CLI (~> 0.41)
  - SwiftLint (~> 0.42)

SPEC REPOS:
  https://github.com/CocoaPods/Specs.git:
    - SwiftFormat
    - SwiftLint

EXTERNAL SOURCES:
  LightweightObservable:
    :path: "../"
  SwiftConfigurationFiles:
    :git: https://github.com/fxm90/SwiftConfigurationFiles.git

CHECKOUT OPTIONS:
  SwiftConfigurationFiles:
    :commit: 349e9f3eba24551acb372397ca953b5414bd9131
    :git: https://github.com/fxm90/SwiftConfigurationFiles.git

SPEC CHECKSUMS:
  LightweightObservable: c5ac85423a5edbed9a920b4d5c7b8f94ab3688c4
  SwiftConfigurationFiles: 1cf2228a911ebed9f42f8dec077bb634f04ca6c8
  SwiftFormat: 159f1c73ade21744d6ff3276fc3413be4fc81f6b
  SwiftLint: 99f82d07b837b942dd563c668de129a03fc3fb52

PODFILE CHECKSUM: 889fbb9d88c7078251d937b48b17d58fb1478a22

COCOAPODS: 1.10.1
