PODS:
  - LightweightObservable (2.1.2)
  - SwiftConfigurationFiles (0.0.1)
  - SwiftFormat/CLI (0.49.1)
  - SwiftLint (0.45.1)

DEPENDENCIES:
  - LightweightObservable (from `../`)
  - SwiftConfigurationFiles (from `https://github.com/fxm90/SwiftConfigurationFiles.git`)
  - SwiftFormat/CLI (~> 0.41)
  - SwiftLint (~> 0.42)

SPEC REPOS:
  https://github.com/CocoaPods/Specs.git:
    - SwiftFormat
    - SwiftLint

EXTERNAL SOURCES:
  LightweightObservable:
    :path: "../"
  SwiftConfigurationFiles:
    :git: https://github.com/fxm90/SwiftConfigurationFiles.git

CHECKOUT OPTIONS:
  SwiftConfigurationFiles:
    :commit: 5e499075b42f5c986a6ad5a274cf8efa743337b5
    :git: https://github.com/fxm90/SwiftConfigurationFiles.git

SPEC CHECKSUMS:
  LightweightObservable: 6ed138efd35e2fa53203d054c22665afb8052688
  SwiftConfigurationFiles: 1cf2228a911ebed9f42f8dec077bb634f04ca6c8
  SwiftFormat: 16b41f3229f5e7edb130ac4cd631cceed7af7d5e
  SwiftLint: 06ac37e4d38c7068e0935bb30cda95f093bec761

PODFILE CHECKSUM: 889fbb9d88c7078251d937b48b17d58fb1478a22

COCOAPODS: 1.11.2
