PODS:
  - LightweightObservable (2.1.2)
  - SwiftConfigurationFiles (0.0.1)
  - SwiftFormat/CLI (0.48.18)
  - SwiftLint (0.45.1)

DEPENDENCIES:
  - LightweightObservable (from `../`)
  - SwiftConfigurationFiles (from `https://github.com/fxm90/SwiftConfigurationFiles.git`)
  - SwiftFormat/CLI (~> 0.41)
  - SwiftLint (~> 0.42)

SPEC REPOS:
  https://github.com/CocoaPods/Specs.git:
    - SwiftFormat
    - SwiftLint

EXTERNAL SOURCES:
  LightweightObservable:
    :path: "../"
  SwiftConfigurationFiles:
    :git: https://github.com/fxm90/SwiftConfigurationFiles.git

CHECKOUT OPTIONS:
  SwiftConfigurationFiles:
    :commit: f6dea18948c1b667043964c2539b9008d2e6beed
    :git: https://github.com/fxm90/SwiftConfigurationFiles.git

SPEC CHECKSUMS:
  LightweightObservable: c5ac85423a5edbed9a920b4d5c7b8f94ab3688c4
  SwiftConfigurationFiles: 1cf2228a911ebed9f42f8dec077bb634f04ca6c8
  SwiftFormat: 7dd2b33a0a3d61095b61c911b6d89ff962ae695c
  SwiftLint: 06ac37e4d38c7068e0935bb30cda95f093bec761

PODFILE CHECKSUM: 889fbb9d88c7078251d937b48b17d58fb1478a22

COCOAPODS: 1.11.2
